
Microsoft Visual Studio Solution File, Format Version 12.00
# Visual Studio Version 17
VisualStudioVersion = 17.11.35219.272
MinimumVisualStudioVersion = 10.0.40219.1
Project("{FAE04EC0-301F-11D3-BF4B-00C04F79EFBC}") = "eCommerce", "eCommerce.csproj", "{15332EDF-DC25-4789-971D-B891B228F337}"
EndProject
Global
	GlobalSection(SolutionConfigurationPlatforms) = preSolution
		Debug|Any CPU = Debug|Any CPU
		Release|Any CPU = Release|Any CPU
	EndGlobalSection
	GlobalSection(ProjectConfigurationPlatforms) = postSolution
		{15332EDF-DC25-4789-971D-B891B228F337}.Debug|Any CPU.ActiveCfg = Debug|Any CPU
		{15332EDF-DC25-4789-971D-B891B228F337}.Debug|Any CPU.Build.0 = Debug|Any CPU
		{15332EDF-DC25-4789-971D-B891B228F337}.Release|Any CPU.ActiveCfg = Release|Any CPU
		{15332EDF-DC25-4789-971D-B891B228F337}.Release|Any CPU.Build.0 = Release|Any CPU
	EndGlobalSection
	GlobalSection(SolutionProperties) = preSolution
		HideSolutionNode = FALSE
	EndGlobalSection
	GlobalSection(ExtensibilityGlobals) = postSolution
		SolutionGuid = {2996A4B1-EF7D-4110-AB07-CE623B0FFC8C}
	EndGlobalSection
EndGlobal
